
Microsoft Visual Studio Solution File, Format Version 12.00
# Visual Studio Version 17
VisualStudioVersion = 17.0.32014.148
MinimumVisualStudioVersion = 10.0.40219.1
Project("{FAE04EC0-301F-11D3-BF4B-00C04F79EFBC}") = "SMS_Service.API", "SMS_Service.API\SMS_Service.API.csproj", "{4906F6B8-B636-46A2-B411-EC6443A07246}"
EndProject
Project("{FAE04EC0-301F-11D3-BF4B-00C04F79EFBC}") = "SMS_Service.BLL", "SMS_Service.BLL\SMS_Service.BLL.csproj", "{8BEE11FF-25F8-4E9B-B1C3-DADFD461CBC7}"
EndProject
Project("{FAE04EC0-301F-11D3-BF4B-00C04F79EFBC}") = "SMS_Service.DAL", "SMS_Service.DAL\SMS_Service.DAL.csproj", "{93167316-2CB6-42EB-B85B-1308F5017DF0}"
EndProject
Project("{9A19103F-16F7-4668-BE54-9A1E7A4F7556}") = "SMS_Service.Console", "SMS_Service.Console\SMS_Service.Console.csproj", "{011157D8-F065-4A42-860C-844EBFA7BAAF}"
EndProject
Project("{FAE04EC0-301F-11D3-BF4B-00C04F79EFBC}") = "SMS_Service.Common", "SMS_Service.Common\SMS_Service.Common.csproj", "{AF528C7F-1016-4489-A3E6-C6FB170CBD49}"
EndProject
Global
	GlobalSection(SolutionConfigurationPlatforms) = preSolution
		Debug|Any CPU = Debug|Any CPU
		Release|Any CPU = Release|Any CPU
	EndGlobalSection
	GlobalSection(ProjectConfigurationPlatforms) = postSolution
		{4906F6B8-B636-46A2-B411-EC6443A07246}.Debug|Any CPU.ActiveCfg = Debug|Any CPU
		{4906F6B8-B636-46A2-B411-EC6443A07246}.Debug|Any CPU.Build.0 = Debug|Any CPU
		{4906F6B8-B636-46A2-B411-EC6443A07246}.Release|Any CPU.ActiveCfg = Release|Any CPU
		{4906F6B8-B636-46A2-B411-EC6443A07246}.Release|Any CPU.Build.0 = Release|Any CPU
		{8BEE11FF-25F8-4E9B-B1C3-DADFD461CBC7}.Debug|Any CPU.ActiveCfg = Debug|Any CPU
		{8BEE11FF-25F8-4E9B-B1C3-DADFD461CBC7}.Debug|Any CPU.Build.0 = Debug|Any CPU
		{8BEE11FF-25F8-4E9B-B1C3-DADFD461CBC7}.Release|Any CPU.ActiveCfg = Release|Any CPU
		{8BEE11FF-25F8-4E9B-B1C3-DADFD461CBC7}.Release|Any CPU.Build.0 = Release|Any CPU
		{93167316-2CB6-42EB-B85B-1308F5017DF0}.Debug|Any CPU.ActiveCfg = Debug|Any CPU
		{93167316-2CB6-42EB-B85B-1308F5017DF0}.Debug|Any CPU.Build.0 = Debug|Any CPU
		{93167316-2CB6-42EB-B85B-1308F5017DF0}.Release|Any CPU.ActiveCfg = Release|Any CPU
		{93167316-2CB6-42EB-B85B-1308F5017DF0}.Release|Any CPU.Build.0 = Release|Any CPU
		{011157D8-F065-4A42-860C-844EBFA7BAAF}.Debug|Any CPU.ActiveCfg = Debug|Any CPU
		{011157D8-F065-4A42-860C-844EBFA7BAAF}.Debug|Any CPU.Build.0 = Debug|Any CPU
		{011157D8-F065-4A42-860C-844EBFA7BAAF}.Release|Any CPU.ActiveCfg = Release|Any CPU
		{011157D8-F065-4A42-860C-844EBFA7BAAF}.Release|Any CPU.Build.0 = Release|Any CPU
		{AF528C7F-1016-4489-A3E6-C6FB170CBD49}.Debug|Any CPU.ActiveCfg = Debug|Any CPU
		{AF528C7F-1016-4489-A3E6-C6FB170CBD49}.Debug|Any CPU.Build.0 = Debug|Any CPU
		{AF528C7F-1016-4489-A3E6-C6FB170CBD49}.Release|Any CPU.ActiveCfg = Release|Any CPU
		{AF528C7F-1016-4489-A3E6-C6FB170CBD49}.Release|Any CPU.Build.0 = Release|Any CPU
	EndGlobalSection
	GlobalSection(SolutionProperties) = preSolution
		HideSolutionNode = FALSE
	EndGlobalSection
	GlobalSection(ExtensibilityGlobals) = postSolution
		SolutionGuid = {D02A9020-62FD-44F8-886B-96CC80054B03}
	EndGlobalSection
EndGlobal
